
Microsoft Visual Studio Solution File, Format Version 12.00
# Visual Studio 15
VisualStudioVersion = 15.0.36617.4
MinimumVisualStudioVersion = 10.0.40219.1
Project("{FAE04EC0-301F-11D3-BF4B-00C04F79EFBC}") = "ConsoleApp1", "ConsoleApp1\ConsoleApp1.csproj", "{F4E34717-D01F-4C74-B9E0-14AD3C6DD79A}"
EndProject
Global
	GlobalSection(SolutionConfigurationPlatforms) = preSolution
		Debug|Any CPU = Debug|Any CPU
		Release|Any CPU = Release|Any CPU
	EndGlobalSection
	GlobalSection(ProjectConfigurationPlatforms) = postSolution
		{F4E34717-D01F-4C74-B9E0-14AD3C6DD79A}.Debug|Any CPU.ActiveCfg = Debug|Any CPU
		{F4E34717-D01F-4C74-B9E0-14AD3C6DD79A}.Debug|Any CPU.Build.0 = Debug|Any CPU
		{F4E34717-D01F-4C74-B9E0-14AD3C6DD79A}.Release|Any CPU.ActiveCfg = Release|Any CPU
		{F4E34717-D01F-4C74-B9E0-14AD3C6DD79A}.Release|Any CPU.Build.0 = Release|Any CPU
	EndGlobalSection
	GlobalSection(SolutionProperties) = preSolution
		HideSolutionNode = FALSE
	EndGlobalSection
	GlobalSection(ExtensibilityGlobals) = postSolution
		SolutionGuid = {33F92664-31A6-41DC-BF0B-619BCBB52BDC}
	EndGlobalSection
EndGlobal
